
Microsoft Visual Studio Solution File, Format Version 12.00
# Visual Studio Version 16
VisualStudioVersion = 16.0.30709.132
MinimumVisualStudioVersion = 10.0.40219.1
Project("{FAE04EC0-301F-11D3-BF4B-00C04F79EFBC}") = "IsMatch.Ad.Web", "IsMatch.Ad.Web\IsMatch.Ad.Web.csproj", "{476272DD-924F-449B-9AC2-7C081F8EE0DF}"
EndProject
Project("{FAE04EC0-301F-11D3-BF4B-00C04F79EFBC}") = "IsMatch.Models", "IsMatch.Models\IsMatch.Models.csproj", "{7F2935D8-7214-45A5-9BC8-04767DAC96D3}"
EndProject
Project("{FAE04EC0-301F-11D3-BF4B-00C04F79EFBC}") = "IsMatch.Common", "IsMatch.Common\IsMatch.Common.csproj", "{AE8F5DE1-F2C0-4B76-B9CD-9DA42707D2CE}"
EndProject
Global
	GlobalSection(SolutionConfigurationPlatforms) = preSolution
		Debug|Any CPU = Debug|Any CPU
		Release|Any CPU = Release|Any CPU
	EndGlobalSection
	GlobalSection(ProjectConfigurationPlatforms) = postSolution
		{476272DD-924F-449B-9AC2-7C081F8EE0DF}.Debug|Any CPU.ActiveCfg = Debug|Any CPU
		{476272DD-924F-449B-9AC2-7C081F8EE0DF}.Debug|Any CPU.Build.0 = Debug|Any CPU
		{476272DD-924F-449B-9AC2-7C081F8EE0DF}.Release|Any CPU.ActiveCfg = Release|Any CPU
		{476272DD-924F-449B-9AC2-7C081F8EE0DF}.Release|Any CPU.Build.0 = Release|Any CPU
		{7F2935D8-7214-45A5-9BC8-04767DAC96D3}.Debug|Any CPU.ActiveCfg = Debug|Any CPU
		{7F2935D8-7214-45A5-9BC8-04767DAC96D3}.Debug|Any CPU.Build.0 = Debug|Any CPU
		{7F2935D8-7214-45A5-9BC8-04767DAC96D3}.Release|Any CPU.ActiveCfg = Release|Any CPU
		{7F2935D8-7214-45A5-9BC8-04767DAC96D3}.Release|Any CPU.Build.0 = Release|Any CPU
		{AE8F5DE1-F2C0-4B76-B9CD-9DA42707D2CE}.Debug|Any CPU.ActiveCfg = Debug|Any CPU
		{AE8F5DE1-F2C0-4B76-B9CD-9DA42707D2CE}.Debug|Any CPU.Build.0 = Debug|Any CPU
		{AE8F5DE1-F2C0-4B76-B9CD-9DA42707D2CE}.Release|Any CPU.ActiveCfg = Release|Any CPU
		{AE8F5DE1-F2C0-4B76-B9CD-9DA42707D2CE}.Release|Any CPU.Build.0 = Release|Any CPU
	EndGlobalSection
	GlobalSection(SolutionProperties) = preSolution
		HideSolutionNode = FALSE
	EndGlobalSection
	GlobalSection(ExtensibilityGlobals) = postSolution
		SolutionGuid = {5D364F4A-0610-49BE-9135-46E7FF72091B}
	EndGlobalSection
EndGlobal
